
Microsoft Visual Studio Solution File, Format Version 12.00
# Visual Studio Version 16
VisualStudioVersion = 16.0.32228.343
MinimumVisualStudioVersion = 10.0.40219.1
Project("{FAE04EC0-301F-11D3-BF4B-00C04F79EFBC}") = "Threath II", "Threath II\Threath II.csproj", "{2FD5F9D9-A3ED-47EA-983E-E40A3A104454}"
EndProject
Global
	GlobalSection(SolutionConfigurationPlatforms) = preSolution
		Debug|Any CPU = Debug|Any CPU
		Release|Any CPU = Release|Any CPU
	EndGlobalSection
	GlobalSection(ProjectConfigurationPlatforms) = postSolution
		{2FD5F9D9-A3ED-47EA-983E-E40A3A104454}.Debug|Any CPU.ActiveCfg = Debug|Any CPU
		{2FD5F9D9-A3ED-47EA-983E-E40A3A104454}.Debug|Any CPU.Build.0 = Debug|Any CPU
		{2FD5F9D9-A3ED-47EA-983E-E40A3A104454}.Release|Any CPU.ActiveCfg = Release|Any CPU
		{2FD5F9D9-A3ED-47EA-983E-E40A3A104454}.Release|Any CPU.Build.0 = Release|Any CPU
	EndGlobalSection
	GlobalSection(SolutionProperties) = preSolution
		HideSolutionNode = FALSE
	EndGlobalSection
	GlobalSection(ExtensibilityGlobals) = postSolution
		SolutionGuid = {BB1FFF10-D6EA-46BE-A062-9797AD1FFBD1}
	EndGlobalSection
EndGlobal
